cloud.google.com/go/iam v1.5.3 h1:+vMINPiDF2ognBJ97ABAYYwRgsaqxPbQDlMnbHMjolc=
cloud.google.com/go/iam v1.5.3/go.mod h1:MR3v9oLkZCTlaqljW6Eb2d3HGDGK5/bDv93jhfISFvU=
golang.org/x/net v0.47.0 h1:Mx+4dIFzqraBXUugkia1OOvlD6LemFo1ALMHjrXDOhY=
golang.org/x/net v0.47.0/go.mod h1:/jNxtkgq5yWUGYkaZGqo27cfGZ1c5Nen03aYrrKpVRU=
golang.org/x/sys v0.38.0 h1:3yZWxaJjBmCWXqhN1qh02AkOnCQ1poK6oF+a7xWL6Gc=
golang.org/x/sys v0.38.0/go.mod h1:OgkHotnGiDImocRcuBABYBEXf8A9a87e/uXjp9XT3ks=
golang.org/x/text v0.31.0 h1:aC8ghyu4JhP8VojJ2lEHBnochRno1sgL6nEi9WGFGMM=
golang.org/x/text v0.31.0/go.mod h1:tKRAlv61yKIjGGHX/4tP1LTbc13YSec1pxVEWXzfoeM=
google.golang.org/genproto v0.0.0-20260122232226-8e98ce8d340d h1:hUplc9kLwH374NIY3PreRUK3Unc0xLm/W7MDsm0gCNo=
google.golang.org/genproto v0.0.0-20260122232226-8e98ce8d340d/go.mod h1:SpjiK7gGN2j/djoQMxLl3QOe/J/XxNzC5M+YLecVVWU=
google.golang.org/genproto/googleapis/api v0.0.0-20260120174246-409b4a993575 h1:FWSX7MpEdo8+769wkFCFqNMjLV8mDyS8EI1nIG4ysCc=
google.golang.org/genproto/googleapis/api v0.0.0-20260120174246-409b4a993575/go.mod h1:dd646eSK+Dk9kxVBl1nChEOhJPtMXriCcVb4x3o6J+E=
google.golang.org/genproto/googleapis/rpc v0.0.0-20260120174246-409b4a993575 h1:vzOYHDZEHIsPYYnaSYo60AqHkJronSu0rzTz/s4quL0=
google.golang.org/genproto/googleapis/rpc v0.0.0-20260120174246-409b4a993575/go.mod h1:j9x/tPzZkyxcgEFkiKEEGxfvyumM01BEtsW8xzOahRQ=
google.golang.org/grpc v1.78.0 h1:K1XZG/yGDJnzMdd/uZHAkVqJE+xIDOcmdSFZkBUicNc=
google.golang.org/grpc v1.78.0/go.mod h1:I47qjTo4OKbMkjA/aOOwxDIiPSBofUtQUI5EfpWvW7U=
google.golang.org/protobuf v1.36.11 h1:fV6ZwhNocDyBLK0dj+fg8ektcVegBBuEolpbTQyBNVE=
google.golang.org/protobuf v1.36.11/go.mod h1:HTf+CrKn2C3g5S8VImy6tdcUvCska2kB7j23XfzDpco=
gopkg.in/check.v1 v0.0.0-20161208181325-20d25e280405/go.mod h1:Co6ibVJAznAaIkqp8huTwlJQCZ016jof/cbN4VW5Yz0=
gopkg.in/yaml.v3 v3.0.1 h1:fxVm/GzAzEWqLHuvctI91KS9hhNmmWOoWu0XTYJS7CA=
gopkg.in/yaml.v3 v3.0.1/go.mod h1:K4uyk7z7BCEPqu6E+C64Yfv1cQ7kz7rIZviUmN+EgEM=
